
Microsoft Visual Studio Solution File, Format Version 12.00
# Visual Studio Version 17
VisualStudioVersion = 17.13.35828.75
MinimumVisualStudioVersion = 10.0.40219.1
Project("{FAE04EC0-301F-11D3-BF4B-00C04F79EFBC}") = "SocketLib", "SocketLib\SocketLib.csproj", "{3D6431E4-C789-42FD-A5BA-575B86939C74}"
EndProject
Project("{FAE04EC0-301F-11D3-BF4B-00C04F79EFBC}") = "ChatServer", "ChatServer\ChatServer.csproj", "{DA6ACAAE-3952-4ADD-8946-A6F67FEA9645}"
EndProject
Project("{2150E333-8FDC-42A3-9474-1A3956D46DE8}") = "Test Lib", "Test Lib", "{02EA681E-C7D8-13C7-8484-4AC65E1B71E8}"
EndProject
Project("{FAE04EC0-301F-11D3-BF4B-00C04F79EFBC}") = "ChatClient", "ChatClient\ChatClient.csproj", "{B28EE91B-F4DC-4760-8E30-0AA73DE15EDB}"
EndProject
Global
	GlobalSection(SolutionConfigurationPlatforms) = preSolution
		Debug|Any CPU = Debug|Any CPU
		Release|Any CPU = Release|Any CPU
	EndGlobalSection
	GlobalSection(ProjectConfigurationPlatforms) = postSolution
		{3D6431E4-C789-42FD-A5BA-575B86939C74}.Debug|Any CPU.ActiveCfg = Debug|Any CPU
		{3D6431E4-C789-42FD-A5BA-575B86939C74}.Debug|Any CPU.Build.0 = Debug|Any CPU
		{3D6431E4-C789-42FD-A5BA-575B86939C74}.Release|Any CPU.ActiveCfg = Release|Any CPU
		{3D6431E4-C789-42FD-A5BA-575B86939C74}.Release|Any CPU.Build.0 = Release|Any CPU
		{DA6ACAAE-3952-4ADD-8946-A6F67FEA9645}.Debug|Any CPU.ActiveCfg = Debug|Any CPU
		{DA6ACAAE-3952-4ADD-8946-A6F67FEA9645}.Debug|Any CPU.Build.0 = Debug|Any CPU
		{DA6ACAAE-3952-4ADD-8946-A6F67FEA9645}.Release|Any CPU.ActiveCfg = Release|Any CPU
		{DA6ACAAE-3952-4ADD-8946-A6F67FEA9645}.Release|Any CPU.Build.0 = Release|Any CPU
		{B28EE91B-F4DC-4760-8E30-0AA73DE15EDB}.Debug|Any CPU.ActiveCfg = Debug|Any CPU
		{B28EE91B-F4DC-4760-8E30-0AA73DE15EDB}.Debug|Any CPU.Build.0 = Debug|Any CPU
		{B28EE91B-F4DC-4760-8E30-0AA73DE15EDB}.Release|Any CPU.ActiveCfg = Release|Any CPU
		{B28EE91B-F4DC-4760-8E30-0AA73DE15EDB}.Release|Any CPU.Build.0 = Release|Any CPU
	EndGlobalSection
	GlobalSection(SolutionProperties) = preSolution
		HideSolutionNode = FALSE
	EndGlobalSection
	GlobalSection(NestedProjects) = preSolution
		{DA6ACAAE-3952-4ADD-8946-A6F67FEA9645} = {02EA681E-C7D8-13C7-8484-4AC65E1B71E8}
		{B28EE91B-F4DC-4760-8E30-0AA73DE15EDB} = {02EA681E-C7D8-13C7-8484-4AC65E1B71E8}
	EndGlobalSection
	GlobalSection(ExtensibilityGlobals) = postSolution
		SolutionGuid = {39FB6ED6-DD89-4E5B-AE7E-EA9E2C442328}
	EndGlobalSection
EndGlobal
